# This file is automatically @generated by Cargo.
# It is not intended for manual editing.
version = 3

[[package]]
name = "arrayvec"
version = "0.7.4"
source = "registry+https://github.com/rust-lang/crates.io-index"
checksum = "96d30a06541fbafbc7f82ed10c06164cfbd2c401138f6addd8404629c4b16711"

[[package]]
name = "basic_trie"
version = "1.2.3"
source = "registry+https://github.com/rust-lang/crates.io-index"
checksum = "a65d3b3999cf02f406dfcdd90d9feb4addb54c8b642f1d537c1330709e7c8c62"
dependencies = [
 "arrayvec",
 "fxhash",
 "thin-vec",
 "unicode-segmentation",
]

[[package]]
name = "byteorder"
version = "1.5.0"
source = "registry+https://github.com/rust-lang/crates.io-index"
checksum = "1fd0f2584146f6f2ef48085050886acf353beff7305ebd1ae69500e27c67f64b"

[[package]]
name = "fxhash"
version = "0.2.1"
source = "registry+https://github.com/rust-lang/crates.io-index"
checksum = "c31b6d751ae2c7f11320402d34e41349dd1016f8d5d45e48c4312bc8625af50c"
dependencies = [
 "byteorder",
]

[[package]]
name = "rustdle"
version = "0.1.0"
dependencies = [
 "basic_trie",
]

[[package]]
name = "thin-vec"
version = "0.2.13"
source = "registry+https://github.com/rust-lang/crates.io-index"
checksum = "a38c90d48152c236a3ab59271da4f4ae63d678c5d7ad6b7714d7cb9760be5e4b"

[[package]]
name = "unicode-segmentation"
version = "1.10.1"
source = "registry+https://github.com/rust-lang/crates.io-index"
checksum = "1dd624098567895118886609431a7c3b8f516e41d30e0643f03d94592a147e36"
